
Microsoft Visual Studio Solution File, Format Version 12.00
# Visual Studio Version 16
VisualStudioVersion = 16.0.29306.81
MinimumVisualStudioVersion = 10.0.40219.1
Project("{FAE04EC0-301F-11D3-BF4B-00C04F79EFBC}") = "Vendia", "Vendia\Vendia.csproj", "{45B20C57-C434-496D-8D3A-35FD3677C182}"
EndProject
Project("{FAE04EC0-301F-11D3-BF4B-00C04F79EFBC}") = "Vendia.GUI", "Vendia.GUI\Vendia.GUI.csproj", "{BCAA5030-E4B1-465C-97FB-D36D63BF0791}"
EndProject
Project("{FAE04EC0-301F-11D3-BF4B-00C04F79EFBC}") = "Vendia.Tests", "Vendia.Tests\Vendia.Tests.csproj", "{E2921448-7795-4A36-8C5D-FCCA7A029491}"
EndProject
Global
	GlobalSection(SolutionConfigurationPlatforms) = preSolution
		Debug|Any CPU = Debug|Any CPU
		Release|Any CPU = Release|Any CPU
	EndGlobalSection
	GlobalSection(ProjectConfigurationPlatforms) = postSolution
		{45B20C57-C434-496D-8D3A-35FD3677C182}.Debug|Any CPU.ActiveCfg = Debug|Any CPU
		{45B20C57-C434-496D-8D3A-35FD3677C182}.Debug|Any CPU.Build.0 = Debug|Any CPU
		{45B20C57-C434-496D-8D3A-35FD3677C182}.Release|Any CPU.ActiveCfg = Release|Any CPU
		{45B20C57-C434-496D-8D3A-35FD3677C182}.Release|Any CPU.Build.0 = Release|Any CPU
		{BCAA5030-E4B1-465C-97FB-D36D63BF0791}.Debug|Any CPU.ActiveCfg = Debug|Any CPU
		{BCAA5030-E4B1-465C-97FB-D36D63BF0791}.Debug|Any CPU.Build.0 = Debug|Any CPU
		{BCAA5030-E4B1-465C-97FB-D36D63BF0791}.Release|Any CPU.ActiveCfg = Release|Any CPU
		{BCAA5030-E4B1-465C-97FB-D36D63BF0791}.Release|Any CPU.Build.0 = Release|Any CPU
		{E2921448-7795-4A36-8C5D-FCCA7A029491}.Debug|Any CPU.ActiveCfg = Debug|Any CPU
		{E2921448-7795-4A36-8C5D-FCCA7A029491}.Debug|Any CPU.Build.0 = Debug|Any CPU
		{E2921448-7795-4A36-8C5D-FCCA7A029491}.Release|Any CPU.ActiveCfg = Release|Any CPU
		{E2921448-7795-4A36-8C5D-FCCA7A029491}.Release|Any CPU.Build.0 = Release|Any CPU
	EndGlobalSection
	GlobalSection(SolutionProperties) = preSolution
		HideSolutionNode = FALSE
	EndGlobalSection
	GlobalSection(ExtensibilityGlobals) = postSolution
		SolutionGuid = {4920CBA4-1783-4F7B-AE36-B057B143B29B}
	EndGlobalSection
EndGlobal
